
Microsoft Visual Studio Solution File, Format Version 12.00
# Visual Studio Version 17
VisualStudioVersion = 17.0.32014.148
MinimumVisualStudioVersion = 10.0.40219.1
Project("{9A19103F-16F7-4668-BE54-9A1E7A4F7556}") = "HiddenVilla.Server", "HiddenVilla.Server\HiddenVilla.Server.csproj", "{32EE319C-51DE-4ABA-92D8-190567FB4F20}"
EndProject
Global
	GlobalSection(SolutionConfigurationPlatforms) = preSolution
		Debug|Any CPU = Debug|Any CPU
		Release|Any CPU = Release|Any CPU
	EndGlobalSection
	GlobalSection(ProjectConfigurationPlatforms) = postSolution
		{32EE319C-51DE-4ABA-92D8-190567FB4F20}.Debug|Any CPU.ActiveCfg = Debug|Any CPU
		{32EE319C-51DE-4ABA-92D8-190567FB4F20}.Debug|Any CPU.Build.0 = Debug|Any CPU
		{32EE319C-51DE-4ABA-92D8-190567FB4F20}.Release|Any CPU.ActiveCfg = Release|Any CPU
		{32EE319C-51DE-4ABA-92D8-190567FB4F20}.Release|Any CPU.Build.0 = Release|Any CPU
	EndGlobalSection
	GlobalSection(SolutionProperties) = preSolution
		HideSolutionNode = FALSE
	EndGlobalSection
	GlobalSection(ExtensibilityGlobals) = postSolution
		SolutionGuid = {A573ECBC-CC14-4D51-A057-B04BB8F9C729}
	EndGlobalSection
EndGlobal
